
Microsoft Visual Studio Solution File, Format Version 12.00
# Visual Studio Version 17
VisualStudioVersion = 17.8.0.0
MinimumVisualStudioVersion = 17.8.0.0
Project("{9A19103F-16F7-4668-BE54-9A1E7A4F7556}") = "DocCoach.AppHost", "DocCoach.AppHost\DocCoach.AppHost.csproj", "{E3AA5F83-1AB1-4A91-8EFB-4C913F687C46}"
EndProject
Project("{9A19103F-16F7-4668-BE54-9A1E7A4F7556}") = "DocCoach.ServiceDefaults", "DocCoach.ServiceDefaults\DocCoach.ServiceDefaults.csproj", "{971C9524-E9FD-4263-A9B7-76DCB07C9DB6}"
EndProject
Project("{FAE04EC0-301F-11D3-BF4B-00C04F79EFBC}") = "DocCoach.Web", "DocCoach.Web\DocCoach.Web.csproj", "{8DCA8DFA-FC23-4925-AD46-DEAF3745AA9B}"
EndProject
Global
	GlobalSection(SolutionConfigurationPlatforms) = preSolution
		Debug|Any CPU = Debug|Any CPU
		Debug|x64 = Debug|x64
		Debug|x86 = Debug|x86
		Release|Any CPU = Release|Any CPU
		Release|x64 = Release|x64
		Release|x86 = Release|x86
	EndGlobalSection
	GlobalSection(ProjectConfigurationPlatforms) = postSolution
		{E3AA5F83-1AB1-4A91-8EFB-4C913F687C46}.Debug|Any CPU.ActiveCfg = Debug|Any CPU
		{E3AA5F83-1AB1-4A91-8EFB-4C913F687C46}.Debug|Any CPU.Build.0 = Debug|Any CPU
		{E3AA5F83-1AB1-4A91-8EFB-4C913F687C46}.Debug|x64.ActiveCfg = Debug|Any CPU
		{E3AA5F83-1AB1-4A91-8EFB-4C913F687C46}.Debug|x64.Build.0 = Debug|Any CPU
		{E3AA5F83-1AB1-4A91-8EFB-4C913F687C46}.Debug|x86.ActiveCfg = Debug|Any CPU
		{E3AA5F83-1AB1-4A91-8EFB-4C913F687C46}.Debug|x86.Build.0 = Debug|Any CPU
		{E3AA5F83-1AB1-4A91-8EFB-4C913F687C46}.Release|Any CPU.ActiveCfg = Release|Any CPU
		{E3AA5F83-1AB1-4A91-8EFB-4C913F687C46}.Release|Any CPU.Build.0 = Release|Any CPU
		{E3AA5F83-1AB1-4A91-8EFB-4C913F687C46}.Release|x64.ActiveCfg = Release|Any CPU
		{E3AA5F83-1AB1-4A91-8EFB-4C913F687C46}.Release|x64.Build.0 = Release|Any CPU
		{E3AA5F83-1AB1-4A91-8EFB-4C913F687C46}.Release|x86.ActiveCfg = Release|Any CPU
		{E3AA5F83-1AB1-4A91-8EFB-4C913F687C46}.Release|x86.Build.0 = Release|Any CPU
		{971C9524-E9FD-4263-A9B7-76DCB07C9DB6}.Debug|Any CPU.ActiveCfg = Debug|Any CPU
		{971C9524-E9FD-4263-A9B7-76DCB07C9DB6}.Debug|Any CPU.Build.0 = Debug|Any CPU
		{971C9524-E9FD-4263-A9B7-76DCB07C9DB6}.Debug|x64.ActiveCfg = Debug|Any CPU
		{971C9524-E9FD-4263-A9B7-76DCB07C9DB6}.Debug|x64.Build.0 = Debug|Any CPU
		{971C9524-E9FD-4263-A9B7-76DCB07C9DB6}.Debug|x86.ActiveCfg = Debug|Any CPU
		{971C9524-E9FD-4263-A9B7-76DCB07C9DB6}.Debug|x86.Build.0 = Debug|Any CPU
		{971C9524-E9FD-4263-A9B7-76DCB07C9DB6}.Release|Any CPU.ActiveCfg = Release|Any CPU
		{971C9524-E9FD-4263-A9B7-76DCB07C9DB6}.Release|Any CPU.Build.0 = Release|Any CPU
		{971C9524-E9FD-4263-A9B7-76DCB07C9DB6}.Release|x64.ActiveCfg = Release|Any CPU
		{971C9524-E9FD-4263-A9B7-76DCB07C9DB6}.Release|x64.Build.0 = Release|Any CPU
		{971C9524-E9FD-4263-A9B7-76DCB07C9DB6}.Release|x86.ActiveCfg = Release|Any CPU
		{971C9524-E9FD-4263-A9B7-76DCB07C9DB6}.Release|x86.Build.0 = Release|Any CPU
		{8DCA8DFA-FC23-4925-AD46-DEAF3745AA9B}.Debug|Any CPU.ActiveCfg = Debug|Any CPU
		{8DCA8DFA-FC23-4925-AD46-DEAF3745AA9B}.Debug|Any CPU.Build.0 = Debug|Any CPU
		{8DCA8DFA-FC23-4925-AD46-DEAF3745AA9B}.Debug|x64.ActiveCfg = Debug|Any CPU
		{8DCA8DFA-FC23-4925-AD46-DEAF3745AA9B}.Debug|x64.Build.0 = Debug|Any CPU
		{8DCA8DFA-FC23-4925-AD46-DEAF3745AA9B}.Debug|x86.ActiveCfg = Debug|Any CPU
		{8DCA8DFA-FC23-4925-AD46-DEAF3745AA9B}.Debug|x86.Build.0 = Debug|Any CPU
		{8DCA8DFA-FC23-4925-AD46-DEAF3745AA9B}.Release|Any CPU.ActiveCfg = Release|Any CPU
		{8DCA8DFA-FC23-4925-AD46-DEAF3745AA9B}.Release|Any CPU.Build.0 = Release|Any CPU
		{8DCA8DFA-FC23-4925-AD46-DEAF3745AA9B}.Release|x64.ActiveCfg = Release|Any CPU
		{8DCA8DFA-FC23-4925-AD46-DEAF3745AA9B}.Release|x64.Build.0 = Release|Any CPU
		{8DCA8DFA-FC23-4925-AD46-DEAF3745AA9B}.Release|x86.ActiveCfg = Release|Any CPU
		{8DCA8DFA-FC23-4925-AD46-DEAF3745AA9B}.Release|x86.Build.0 = Release|Any CPU
	EndGlobalSection
	GlobalSection(SolutionProperties) = preSolution
		HideSolutionNode = FALSE
	EndGlobalSection
	GlobalSection(ExtensibilityGlobals) = postSolution
		SolutionGuid = {7B5D36B1-0EAE-42E9-A302-ABA1DEAC7160}
	EndGlobalSection
EndGlobal
